
Microsoft Visual Studio Solution File, Format Version 12.00
# Visual Studio Version 18
VisualStudioVersion = 18.8.11925.187
MinimumVisualStudioVersion = 10.0.40219.1
Project("{FAE04EC0-301F-11D3-BF4B-00C04F79EFBC}") = "LabMetricsDashboard", "LabMetricsDashboard\LabMetricsDashboard.csproj", "{28C8D0C9-0B2C-25B1-944F-544054B185DE}"
EndProject
Project("{FAE04EC0-301F-11D3-BF4B-00C04F79EFBC}") = "CaptureDataApp", "CaptureDataApp\CaptureDataApp.csproj", "{D8BBBE10-90C3-364D-354E-B550690C2201}"
EndProject
Project("{FAE04EC0-301F-11D3-BF4B-00C04F79EFBC}") = "LRN.Notifications", "LRN.Notification\LRN.Notifications.csproj", "{6D4D2AD4-6777-D21B-C54A-BF62E8376665}"
EndProject
Project("{FAE04EC0-301F-11D3-BF4B-00C04F79EFBC}") = "PredictionAnalysisApp", "PredictionAnalysisApp\PredictionAnalysisApp.csproj", "{9CBC5091-CD3A-9873-CEF3-2F96C3C8C46F}"
EndProject
Project("{FAE04EC0-301F-11D3-BF4B-00C04F79EFBC}") = "RcmWatcherService", "RcmWatcherService\RcmWatcherService.csproj", "{5925AD32-6410-77A8-8C2B-339ACD528AA0}"
EndProject
Project("{FAE04EC0-301F-11D3-BF4B-00C04F79EFBC}") = "ClaimLineCSVDataCapture", "ClaimLineCSVDataCapture\ClaimLineCSVDataCapture.csproj", "{4BD2A6E2-67E4-444A-B244-F169BC8F8C77}"
EndProject
Project("{FAE04EC0-301F-11D3-BF4B-00C04F79EFBC}") = "CodingMasterGenerator", "CodingMasterGenerator\CodingMasterGenerator.csproj", "{FC8B7EDE-5518-4358-8664-3D0B51E19DFE}"
EndProject
Project("{FAE04EC0-301F-11D3-BF4B-00C04F79EFBC}") = "LRN.ProductionReports", "LRN.ProductionReports\LRN.ProductionReports.csproj", "{E3E628EE-CB37-4B5B-B45B-7359E377E118}"
EndProject
Project("{FAE04EC0-301F-11D3-BF4B-00C04F79EFBC}") = "LRN.ReportsApi", "LRN.ReportsApi\LRN.ReportsApi.csproj", "{0AFDFC9B-AA9B-08CF-431B-765B8A1F4680}"
EndProject
Project("{FAE04EC0-301F-11D3-BF4B-00C04F79EFBC}") = "DenialDatabaseProcessorWorker", "LRN.DenialDatabaseWorker\DenialDatabaseProcessorWorker.csproj", "{4FA42751-40A9-1BCD-5EE4-90FFEEDB1358}"
EndProject
Project("{FAE04EC0-301F-11D3-BF4B-00C04F79EFBC}") = "LRN.MasterFileProcessorWorker", "LRN.MasterFileProcessorWorker\LRN.MasterFileProcessorWorker.csproj", "{E493F605-CC88-15D2-3A43-16076F70CF7C}"
EndProject
Project("{FAE04EC0-301F-11D3-BF4B-00C04F79EFBC}") = "LRN.PayerPolicyMapper.Core", "LRN.PayerPolicyMapper.Core\LRN.PayerPolicyMapper.Core.csproj", "{04FB535E-8E11-4070-8EA0-7A84AE38E69F}"
EndProject
Project("{FAE04EC0-301F-11D3-BF4B-00C04F79EFBC}") = "LRN.PayerPolicyMapper", "LRN.PayerPolicyMapper\LRN.PayerPolicyMapper.csproj", "{EF90A9F1-7AF9-4C1E-968D-B1530C630406}"
EndProject
Project("{2150E333-8FDC-42A3-9474-1A3956D46DE8}") = "tests", "tests", "{0AB3BF05-4346-4AA6-1389-037BE0695223}"
EndProject
Project("{FAE04EC0-301F-11D3-BF4B-00C04F79EFBC}") = "LRN.PayerPolicyMapper.Tests", "tests\LRN.PayerPolicyMapper.Tests\LRN.PayerPolicyMapper.Tests.csproj", "{1FFC8FF9-2B62-4168-9830-42D71CC4916A}"
EndProject
Project("{FAE04EC0-301F-11D3-BF4B-00C04F79EFBC}") = "LRN.ReportQueue.Shared", "LRN.ReportQueue.Shared\LRN.ReportQueue.Shared.csproj", "{90FFB618-60C4-4709-9FBA-3E40FC5F6168}"
EndProject
Project("{FAE04EC0-301F-11D3-BF4B-00C04F79EFBC}") = "LRN.ReportWorker", "LRN.ReportWorker\LRN.ReportWorker.csproj", "{960BB381-A1B3-4352-8F77-C3EFE334E4BD}"
EndProject
Project("{FAE04EC0-301F-11D3-BF4B-00C04F79EFBC}") = "LRN.AveragesImport.Core", "LRN.AveragesImport\LRN.AveragesImport.Core\LRN.AveragesImport.Core.csproj", "{F264FFDF-5FDD-6481-9B0F-AC7D115B6F49}"
EndProject
Project("{FAE04EC0-301F-11D3-BF4B-00C04F79EFBC}") = "LRN.AveragesImport.Worker", "LRN.AveragesImport\LRN.AveragesImport.Worker\LRN.AveragesImport.Worker.csproj", "{69171BDD-223A-E576-80B6-743A5083CE14}"
EndProject
Project("{FAE04EC0-301F-11D3-BF4B-00C04F79EFBC}") = "LRN.ReportsApi.Tests", "tests\LRN.ReportsApi.Tests\LRN.ReportsApi.Tests.csproj", "{3E8E95C6-5DC9-4129-B8C0-C63EC69E3034}"
EndProject
Project("{FAE04EC0-301F-11D3-BF4B-00C04F79EFBC}") = "LRN.AzBlobSync", "LRN.AzBlobSync\LRN.AzBlobSync.csproj", "{15055C44-5604-43ED-812F-0A265AF02D5A}"
EndProject
Global
	GlobalSection(SolutionConfigurationPlatforms) = preSolution
		Debug|Any CPU = Debug|Any CPU
		Debug|x64 = Debug|x64
		Debug|x86 = Debug|x86
		Release|Any CPU = Release|Any CPU
		Release|x64 = Release|x64
		Release|x86 = Release|x86
	EndGlobalSection
	GlobalSection(ProjectConfigurationPlatforms) = postSolution
		{28C8D0C9-0B2C-25B1-944F-544054B185DE}.Debug|Any CPU.ActiveCfg = Debug|Any CPU
		{28C8D0C9-0B2C-25B1-944F-544054B185DE}.Debug|Any CPU.Build.0 = Debug|Any CPU
		{28C8D0C9-0B2C-25B1-944F-544054B185DE}.Debug|x64.ActiveCfg = Debug|Any CPU
		{28C8D0C9-0B2C-25B1-944F-544054B185DE}.Debug|x64.Build.0 = Debug|Any CPU
		{28C8D0C9-0B2C-25B1-944F-544054B185DE}.Debug|x86.ActiveCfg = Debug|Any CPU
		{28C8D0C9-0B2C-25B1-944F-544054B185DE}.Debug|x86.Build.0 = Debug|Any CPU
		{28C8D0C9-0B2C-25B1-944F-544054B185DE}.Release|Any CPU.ActiveCfg = Release|Any CPU
		{28C8D0C9-0B2C-25B1-944F-544054B185DE}.Release|Any CPU.Build.0 = Release|Any CPU
		{28C8D0C9-0B2C-25B1-944F-544054B185DE}.Release|x64.ActiveCfg = Release|Any CPU
		{28C8D0C9-0B2C-25B1-944F-544054B185DE}.Release|x64.Build.0 = Release|Any CPU
		{28C8D0C9-0B2C-25B1-944F-544054B185DE}.Release|x86.ActiveCfg = Release|Any CPU
		{28C8D0C9-0B2C-25B1-944F-544054B185DE}.Release|x86.Build.0 = Release|Any CPU
		{D8BBBE10-90C3-364D-354E-B550690C2201}.Debug|Any CPU.ActiveCfg = Debug|Any CPU
		{D8BBBE10-90C3-364D-354E-B550690C2201}.Debug|Any CPU.Build.0 = Debug|Any CPU
		{D8BBBE10-90C3-364D-354E-B550690C2201}.Debug|x64.ActiveCfg = Debug|Any CPU
		{D8BBBE10-90C3-364D-354E-B550690C2201}.Debug|x64.Build.0 = Debug|Any CPU
		{D8BBBE10-90C3-364D-354E-B550690C2201}.Debug|x86.ActiveCfg = Debug|Any CPU
		{D8BBBE10-90C3-364D-354E-B550690C2201}.Debug|x86.Build.0 = Debug|Any CPU
		{D8BBBE10-90C3-364D-354E-B550690C2201}.Release|Any CPU.ActiveCfg = Release|Any CPU
		{D8BBBE10-90C3-364D-354E-B550690C2201}.Release|Any CPU.Build.0 = Release|Any CPU
		{D8BBBE10-90C3-364D-354E-B550690C2201}.Release|x64.ActiveCfg = Release|Any CPU
		{D8BBBE10-90C3-364D-354E-B550690C2201}.Release|x64.Build.0 = Release|Any CPU
		{D8BBBE10-90C3-364D-354E-B550690C2201}.Release|x86.ActiveCfg = Release|Any CPU
		{D8BBBE10-90C3-364D-354E-B550690C2201}.Release|x86.Build.0 = Release|Any CPU
		{6D4D2AD4-6777-D21B-C54A-BF62E8376665}.Debug|Any CPU.ActiveCfg = Debug|Any CPU
		{6D4D2AD4-6777-D21B-C54A-BF62E8376665}.Debug|Any CPU.Build.0 = Debug|Any CPU
		{6D4D2AD4-6777-D21B-C54A-BF62E8376665}.Debug|x64.ActiveCfg = Debug|Any CPU
		{6D4D2AD4-6777-D21B-C54A-BF62E8376665}.Debug|x64.Build.0 = Debug|Any CPU
		{6D4D2AD4-6777-D21B-C54A-BF62E8376665}.Debug|x86.ActiveCfg = Debug|Any CPU
		{6D4D2AD4-6777-D21B-C54A-BF62E8376665}.Debug|x86.Build.0 = Debug|Any CPU
		{6D4D2AD4-6777-D21B-C54A-BF62E8376665}.Release|Any CPU.ActiveCfg = Release|Any CPU
		{6D4D2AD4-6777-D21B-C54A-BF62E8376665}.Release|Any CPU.Build.0 = Release|Any CPU
		{6D4D2AD4-6777-D21B-C54A-BF62E8376665}.Release|x64.ActiveCfg = Release|Any CPU
		{6D4D2AD4-6777-D21B-C54A-BF62E8376665}.Release|x64.Build.0 = Release|Any CPU
		{6D4D2AD4-6777-D21B-C54A-BF62E8376665}.Release|x86.ActiveCfg = Release|Any CPU
		{6D4D2AD4-6777-D21B-C54A-BF62E8376665}.Release|x86.Build.0 = Release|Any CPU
		{9CBC5091-CD3A-9873-CEF3-2F96C3C8C46F}.Debug|Any CPU.ActiveCfg = Debug|Any CPU
		{9CBC5091-CD3A-9873-CEF3-2F96C3C8C46F}.Debug|Any CPU.Build.0 = Debug|Any CPU
		{9CBC5091-CD3A-9873-CEF3-2F96C3C8C46F}.Debug|x64.ActiveCfg = Debug|Any CPU
		{9CBC5091-CD3A-9873-CEF3-2F96C3C8C46F}.Debug|x64.Build.0 = Debug|Any CPU
		{9CBC5091-CD3A-9873-CEF3-2F96C3C8C46F}.Debug|x86.ActiveCfg = Debug|Any CPU
		{9CBC5091-CD3A-9873-CEF3-2F96C3C8C46F}.Debug|x86.Build.0 = Debug|Any CPU
		{9CBC5091-CD3A-9873-CEF3-2F96C3C8C46F}.Release|Any CPU.ActiveCfg = Release|Any CPU
		{9CBC5091-CD3A-9873-CEF3-2F96C3C8C46F}.Release|Any CPU.Build.0 = Release|Any CPU
		{9CBC5091-CD3A-9873-CEF3-2F96C3C8C46F}.Release|x64.ActiveCfg = Release|Any CPU
		{9CBC5091-CD3A-9873-CEF3-2F96C3C8C46F}.Release|x64.Build.0 = Release|Any CPU
		{9CBC5091-CD3A-9873-CEF3-2F96C3C8C46F}.Release|x86.ActiveCfg = Release|Any CPU
		{9CBC5091-CD3A-9873-CEF3-2F96C3C8C46F}.Release|x86.Build.0 = Release|Any CPU
		{5925AD32-6410-77A8-8C2B-339ACD528AA0}.Debug|Any CPU.ActiveCfg = Debug|Any CPU
		{5925AD32-6410-77A8-8C2B-339ACD528AA0}.Debug|Any CPU.Build.0 = Debug|Any CPU
		{5925AD32-6410-77A8-8C2B-339ACD528AA0}.Debug|x64.ActiveCfg = Debug|Any CPU
		{5925AD32-6410-77A8-8C2B-339ACD528AA0}.Debug|x64.Build.0 = Debug|Any CPU
		{5925AD32-6410-77A8-8C2B-339ACD528AA0}.Debug|x86.ActiveCfg = Debug|Any CPU
		{5925AD32-6410-77A8-8C2B-339ACD528AA0}.Debug|x86.Build.0 = Debug|Any CPU
		{5925AD32-6410-77A8-8C2B-339ACD528AA0}.Release|Any CPU.ActiveCfg = Release|Any CPU
		{5925AD32-6410-77A8-8C2B-339ACD528AA0}.Release|Any CPU.Build.0 = Release|Any CPU
		{5925AD32-6410-77A8-8C2B-339ACD528AA0}.Release|x64.ActiveCfg = Release|Any CPU
		{5925AD32-6410-77A8-8C2B-339ACD528AA0}.Release|x64.Build.0 = Release|Any CPU
		{5925AD32-6410-77A8-8C2B-339ACD528AA0}.Release|x86.ActiveCfg = Release|Any CPU
		{5925AD32-6410-77A8-8C2B-339ACD528AA0}.Release|x86.Build.0 = Release|Any CPU
		{4BD2A6E2-67E4-444A-B244-F169BC8F8C77}.Debug|Any CPU.ActiveCfg = Debug|Any CPU
		{4BD2A6E2-67E4-444A-B244-F169BC8F8C77}.Debug|Any CPU.Build.0 = Debug|Any CPU
		{4BD2A6E2-67E4-444A-B244-F169BC8F8C77}.Debug|x64.ActiveCfg = Debug|Any CPU
		{4BD2A6E2-67E4-444A-B244-F169BC8F8C77}.Debug|x64.Build.0 = Debug|Any CPU
		{4BD2A6E2-67E4-444A-B244-F169BC8F8C77}.Debug|x86.ActiveCfg = Debug|Any CPU
		{4BD2A6E2-67E4-444A-B244-F169BC8F8C77}.Debug|x86.Build.0 = Debug|Any CPU
		{4BD2A6E2-67E4-444A-B244-F169BC8F8C77}.Release|Any CPU.ActiveCfg = Release|Any CPU
		{4BD2A6E2-67E4-444A-B244-F169BC8F8C77}.Release|Any CPU.Build.0 = Release|Any CPU
		{4BD2A6E2-67E4-444A-B244-F169BC8F8C77}.Release|x64.ActiveCfg = Release|Any CPU
		{4BD2A6E2-67E4-444A-B244-F169BC8F8C77}.Release|x64.Build.0 = Release|Any CPU
		{4BD2A6E2-67E4-444A-B244-F169BC8F8C77}.Release|x86.ActiveCfg = Release|Any CPU
		{4BD2A6E2-67E4-444A-B244-F169BC8F8C77}.Release|x86.Build.0 = Release|Any CPU
		{FC8B7EDE-5518-4358-8664-3D0B51E19DFE}.Debug|Any CPU.ActiveCfg = Debug|Any CPU
		{FC8B7EDE-5518-4358-8664-3D0B51E19DFE}.Debug|Any CPU.Build.0 = Debug|Any CPU
		{FC8B7EDE-5518-4358-8664-3D0B51E19DFE}.Debug|x64.ActiveCfg = Debug|Any CPU
		{FC8B7EDE-5518-4358-8664-3D0B51E19DFE}.Debug|x64.Build.0 = Debug|Any CPU
		{FC8B7EDE-5518-4358-8664-3D0B51E19DFE}.Debug|x86.ActiveCfg = Debug|Any CPU
		{FC8B7EDE-5518-4358-8664-3D0B51E19DFE}.Debug|x86.Build.0 = Debug|Any CPU
		{FC8B7EDE-5518-4358-8664-3D0B51E19DFE}.Release|Any CPU.ActiveCfg = Release|Any CPU
		{FC8B7EDE-5518-4358-8664-3D0B51E19DFE}.Release|Any CPU.Build.0 = Release|Any CPU
		{FC8B7EDE-5518-4358-8664-3D0B51E19DFE}.Release|x64.ActiveCfg = Release|Any CPU
		{FC8B7EDE-5518-4358-8664-3D0B51E19DFE}.Release|x64.Build.0 = Release|Any CPU
		{FC8B7EDE-5518-4358-8664-3D0B51E19DFE}.Release|x86.ActiveCfg = Release|Any CPU
		{FC8B7EDE-5518-4358-8664-3D0B51E19DFE}.Release|x86.Build.0 = Release|Any CPU
		{E3E628EE-CB37-4B5B-B45B-7359E377E118}.Debug|Any CPU.ActiveCfg = Debug|Any CPU
		{E3E628EE-CB37-4B5B-B45B-7359E377E118}.Debug|Any CPU.Build.0 = Debug|Any CPU
		{E3E628EE-CB37-4B5B-B45B-7359E377E118}.Debug|x64.ActiveCfg = Debug|Any CPU
		{E3E628EE-CB37-4B5B-B45B-7359E377E118}.Debug|x64.Build.0 = Debug|Any CPU
		{E3E628EE-CB37-4B5B-B45B-7359E377E118}.Debug|x86.ActiveCfg = Debug|Any CPU
		{E3E628EE-CB37-4B5B-B45B-7359E377E118}.Debug|x86.Build.0 = Debug|Any CPU
		{E3E628EE-CB37-4B5B-B45B-7359E377E118}.Release|Any CPU.ActiveCfg = Release|Any CPU
		{E3E628EE-CB37-4B5B-B45B-7359E377E118}.Release|Any CPU.Build.0 = Release|Any CPU
		{E3E628EE-CB37-4B5B-B45B-7359E377E118}.Release|x64.ActiveCfg = Release|Any CPU
		{E3E628EE-CB37-4B5B-B45B-7359E377E118}.Release|x64.Build.0 = Release|Any CPU
		{E3E628EE-CB37-4B5B-B45B-7359E377E118}.Release|x86.ActiveCfg = Release|Any CPU
		{E3E628EE-CB37-4B5B-B45B-7359E377E118}.Release|x86.Build.0 = Release|Any CPU
		{0AFDFC9B-AA9B-08CF-431B-765B8A1F4680}.Debug|Any CPU.ActiveCfg = Debug|Any CPU
		{0AFDFC9B-AA9B-08CF-431B-765B8A1F4680}.Debug|Any CPU.Build.0 = Debug|Any CPU
		{0AFDFC9B-AA9B-08CF-431B-765B8A1F4680}.Debug|x64.ActiveCfg = Debug|Any CPU
		{0AFDFC9B-AA9B-08CF-431B-765B8A1F4680}.Debug|x64.Build.0 = Debug|Any CPU
		{0AFDFC9B-AA9B-08CF-431B-765B8A1F4680}.Debug|x86.ActiveCfg = Debug|Any CPU
		{0AFDFC9B-AA9B-08CF-431B-765B8A1F4680}.Debug|x86.Build.0 = Debug|Any CPU
		{0AFDFC9B-AA9B-08CF-431B-765B8A1F4680}.Release|Any CPU.ActiveCfg = Release|Any CPU
		{0AFDFC9B-AA9B-08CF-431B-765B8A1F4680}.Release|Any CPU.Build.0 = Release|Any CPU
		{0AFDFC9B-AA9B-08CF-431B-765B8A1F4680}.Release|x64.ActiveCfg = Release|Any CPU
		{0AFDFC9B-AA9B-08CF-431B-765B8A1F4680}.Release|x64.Build.0 = Release|Any CPU
		{0AFDFC9B-AA9B-08CF-431B-765B8A1F4680}.Release|x86.ActiveCfg = Release|Any CPU
		{0AFDFC9B-AA9B-08CF-431B-765B8A1F4680}.Release|x86.Build.0 = Release|Any CPU
		{4FA42751-40A9-1BCD-5EE4-90FFEEDB1358}.Debug|Any CPU.ActiveCfg = Debug|Any CPU
		{4FA42751-40A9-1BCD-5EE4-90FFEEDB1358}.Debug|Any CPU.Build.0 = Debug|Any CPU
		{4FA42751-40A9-1BCD-5EE4-90FFEEDB1358}.Debug|x64.ActiveCfg = Debug|Any CPU
		{4FA42751-40A9-1BCD-5EE4-90FFEEDB1358}.Debug|x64.Build.0 = Debug|Any CPU
		{4FA42751-40A9-1BCD-5EE4-90FFEEDB1358}.Debug|x86.ActiveCfg = Debug|Any CPU
		{4FA42751-40A9-1BCD-5EE4-90FFEEDB1358}.Debug|x86.Build.0 = Debug|Any CPU
		{4FA42751-40A9-1BCD-5EE4-90FFEEDB1358}.Release|Any CPU.ActiveCfg = Release|Any CPU
		{4FA42751-40A9-1BCD-5EE4-90FFEEDB1358}.Release|Any CPU.Build.0 = Release|Any CPU
		{4FA42751-40A9-1BCD-5EE4-90FFEEDB1358}.Release|x64.ActiveCfg = Release|Any CPU
		{4FA42751-40A9-1BCD-5EE4-90FFEEDB1358}.Release|x64.Build.0 = Release|Any CPU
		{4FA42751-40A9-1BCD-5EE4-90FFEEDB1358}.Release|x86.ActiveCfg = Release|Any CPU
		{4FA42751-40A9-1BCD-5EE4-90FFEEDB1358}.Release|x86.Build.0 = Release|Any CPU
		{E493F605-CC88-15D2-3A43-16076F70CF7C}.Debug|Any CPU.ActiveCfg = Debug|Any CPU
		{E493F605-CC88-15D2-3A43-16076F70CF7C}.Debug|Any CPU.Build.0 = Debug|Any CPU
		{E493F605-CC88-15D2-3A43-16076F70CF7C}.Debug|x64.ActiveCfg = Debug|Any CPU
		{E493F605-CC88-15D2-3A43-16076F70CF7C}.Debug|x64.Build.0 = Debug|Any CPU
		{E493F605-CC88-15D2-3A43-16076F70CF7C}.Debug|x86.ActiveCfg = Debug|Any CPU
		{E493F605-CC88-15D2-3A43-16076F70CF7C}.Debug|x86.Build.0 = Debug|Any CPU
		{E493F605-CC88-15D2-3A43-16076F70CF7C}.Release|Any CPU.ActiveCfg = Release|Any CPU
		{E493F605-CC88-15D2-3A43-16076F70CF7C}.Release|Any CPU.Build.0 = Release|Any CPU
		{E493F605-CC88-15D2-3A43-16076F70CF7C}.Release|x64.ActiveCfg = Release|Any CPU
		{E493F605-CC88-15D2-3A43-16076F70CF7C}.Release|x64.Build.0 = Release|Any CPU
		{E493F605-CC88-15D2-3A43-16076F70CF7C}.Release|x86.ActiveCfg = Release|Any CPU
		{E493F605-CC88-15D2-3A43-16076F70CF7C}.Release|x86.Build.0 = Release|Any CPU
		{04FB535E-8E11-4070-8EA0-7A84AE38E69F}.Debug|Any CPU.ActiveCfg = Debug|Any CPU
		{04FB535E-8E11-4070-8EA0-7A84AE38E69F}.Debug|Any CPU.Build.0 = Debug|Any CPU
		{04FB535E-8E11-4070-8EA0-7A84AE38E69F}.Debug|x64.ActiveCfg = Debug|Any CPU
		{04FB535E-8E11-4070-8EA0-7A84AE38E69F}.Debug|x64.Build.0 = Debug|Any CPU
		{04FB535E-8E11-4070-8EA0-7A84AE38E69F}.Debug|x86.ActiveCfg = Debug|Any CPU
		{04FB535E-8E11-4070-8EA0-7A84AE38E69F}.Debug|x86.Build.0 = Debug|Any CPU
		{04FB535E-8E11-4070-8EA0-7A84AE38E69F}.Release|Any CPU.ActiveCfg = Release|Any CPU
		{04FB535E-8E11-4070-8EA0-7A84AE38E69F}.Release|Any CPU.Build.0 = Release|Any CPU
		{04FB535E-8E11-4070-8EA0-7A84AE38E69F}.Release|x64.ActiveCfg = Release|Any CPU
		{04FB535E-8E11-4070-8EA0-7A84AE38E69F}.Release|x64.Build.0 = Release|Any CPU
		{04FB535E-8E11-4070-8EA0-7A84AE38E69F}.Release|x86.ActiveCfg = Release|Any CPU
		{04FB535E-8E11-4070-8EA0-7A84AE38E69F}.Release|x86.Build.0 = Release|Any CPU
		{EF90A9F1-7AF9-4C1E-968D-B1530C630406}.Debug|Any CPU.ActiveCfg = Debug|Any CPU
		{EF90A9F1-7AF9-4C1E-968D-B1530C630406}.Debug|Any CPU.Build.0 = Debug|Any CPU
		{EF90A9F1-7AF9-4C1E-968D-B1530C630406}.Debug|x64.ActiveCfg = Debug|Any CPU
		{EF90A9F1-7AF9-4C1E-968D-B1530C630406}.Debug|x64.Build.0 = Debug|Any CPU
		{EF90A9F1-7AF9-4C1E-968D-B1530C630406}.Debug|x86.ActiveCfg = Debug|Any CPU
		{EF90A9F1-7AF9-4C1E-968D-B1530C630406}.Debug|x86.Build.0 = Debug|Any CPU
		{EF90A9F1-7AF9-4C1E-968D-B1530C630406}.Release|Any CPU.ActiveCfg = Release|Any CPU
		{EF90A9F1-7AF9-4C1E-968D-B1530C630406}.Release|Any CPU.Build.0 = Release|Any CPU
		{EF90A9F1-7AF9-4C1E-968D-B1530C630406}.Release|x64.ActiveCfg = Release|Any CPU
		{EF90A9F1-7AF9-4C1E-968D-B1530C630406}.Release|x64.Build.0 = Release|Any CPU
		{EF90A9F1-7AF9-4C1E-968D-B1530C630406}.Release|x86.ActiveCfg = Release|Any CPU
		{EF90A9F1-7AF9-4C1E-968D-B1530C630406}.Release|x86.Build.0 = Release|Any CPU
		{1FFC8FF9-2B62-4168-9830-42D71CC4916A}.Debug|Any CPU.ActiveCfg = Debug|Any CPU
		{1FFC8FF9-2B62-4168-9830-42D71CC4916A}.Debug|Any CPU.Build.0 = Debug|Any CPU
		{1FFC8FF9-2B62-4168-9830-42D71CC4916A}.Debug|x64.ActiveCfg = Debug|Any CPU
		{1FFC8FF9-2B62-4168-9830-42D71CC4916A}.Debug|x64.Build.0 = Debug|Any CPU
		{1FFC8FF9-2B62-4168-9830-42D71CC4916A}.Debug|x86.ActiveCfg = Debug|Any CPU
		{1FFC8FF9-2B62-4168-9830-42D71CC4916A}.Debug|x86.Build.0 = Debug|Any CPU
		{1FFC8FF9-2B62-4168-9830-42D71CC4916A}.Release|Any CPU.ActiveCfg = Release|Any CPU
		{1FFC8FF9-2B62-4168-9830-42D71CC4916A}.Release|Any CPU.Build.0 = Release|Any CPU
		{1FFC8FF9-2B62-4168-9830-42D71CC4916A}.Release|x64.ActiveCfg = Release|Any CPU
		{1FFC8FF9-2B62-4168-9830-42D71CC4916A}.Release|x64.Build.0 = Release|Any CPU
		{1FFC8FF9-2B62-4168-9830-42D71CC4916A}.Release|x86.ActiveCfg = Release|Any CPU
		{1FFC8FF9-2B62-4168-9830-42D71CC4916A}.Release|x86.Build.0 = Release|Any CPU
		{90FFB618-60C4-4709-9FBA-3E40FC5F6168}.Debug|Any CPU.ActiveCfg = Debug|Any CPU
		{90FFB618-60C4-4709-9FBA-3E40FC5F6168}.Debug|Any CPU.Build.0 = Debug|Any CPU
		{90FFB618-60C4-4709-9FBA-3E40FC5F6168}.Debug|x64.ActiveCfg = Debug|Any CPU
		{90FFB618-60C4-4709-9FBA-3E40FC5F6168}.Debug|x64.Build.0 = Debug|Any CPU
		{90FFB618-60C4-4709-9FBA-3E40FC5F6168}.Debug|x86.ActiveCfg = Debug|Any CPU
		{90FFB618-60C4-4709-9FBA-3E40FC5F6168}.Debug|x86.Build.0 = Debug|Any CPU
		{90FFB618-60C4-4709-9FBA-3E40FC5F6168}.Release|Any CPU.ActiveCfg = Release|Any CPU
		{90FFB618-60C4-4709-9FBA-3E40FC5F6168}.Release|Any CPU.Build.0 = Release|Any CPU
		{90FFB618-60C4-4709-9FBA-3E40FC5F6168}.Release|x64.ActiveCfg = Release|Any CPU
		{90FFB618-60C4-4709-9FBA-3E40FC5F6168}.Release|x64.Build.0 = Release|Any CPU
		{90FFB618-60C4-4709-9FBA-3E40FC5F6168}.Release|x86.ActiveCfg = Release|Any CPU
		{90FFB618-60C4-4709-9FBA-3E40FC5F6168}.Release|x86.Build.0 = Release|Any CPU
		{960BB381-A1B3-4352-8F77-C3EFE334E4BD}.Debug|Any CPU.ActiveCfg = Debug|Any CPU
		{960BB381-A1B3-4352-8F77-C3EFE334E4BD}.Debug|Any CPU.Build.0 = Debug|Any CPU
		{960BB381-A1B3-4352-8F77-C3EFE334E4BD}.Debug|x64.ActiveCfg = Debug|Any CPU
		{960BB381-A1B3-4352-8F77-C3EFE334E4BD}.Debug|x64.Build.0 = Debug|Any CPU
		{960BB381-A1B3-4352-8F77-C3EFE334E4BD}.Debug|x86.ActiveCfg = Debug|Any CPU
		{960BB381-A1B3-4352-8F77-C3EFE334E4BD}.Debug|x86.Build.0 = Debug|Any CPU
		{960BB381-A1B3-4352-8F77-C3EFE334E4BD}.Release|Any CPU.ActiveCfg = Release|Any CPU
		{960BB381-A1B3-4352-8F77-C3EFE334E4BD}.Release|Any CPU.Build.0 = Release|Any CPU
		{960BB381-A1B3-4352-8F77-C3EFE334E4BD}.Release|x64.ActiveCfg = Release|Any CPU
		{960BB381-A1B3-4352-8F77-C3EFE334E4BD}.Release|x64.Build.0 = Release|Any CPU
		{960BB381-A1B3-4352-8F77-C3EFE334E4BD}.Release|x86.ActiveCfg = Release|Any CPU
		{960BB381-A1B3-4352-8F77-C3EFE334E4BD}.Release|x86.Build.0 = Release|Any CPU
		{F264FFDF-5FDD-6481-9B0F-AC7D115B6F49}.Debug|Any CPU.ActiveCfg = Debug|Any CPU
		{F264FFDF-5FDD-6481-9B0F-AC7D115B6F49}.Debug|Any CPU.Build.0 = Debug|Any CPU
		{F264FFDF-5FDD-6481-9B0F-AC7D115B6F49}.Debug|x64.ActiveCfg = Debug|Any CPU
		{F264FFDF-5FDD-6481-9B0F-AC7D115B6F49}.Debug|x64.Build.0 = Debug|Any CPU
		{F264FFDF-5FDD-6481-9B0F-AC7D115B6F49}.Debug|x86.ActiveCfg = Debug|Any CPU
		{F264FFDF-5FDD-6481-9B0F-AC7D115B6F49}.Debug|x86.Build.0 = Debug|Any CPU
		{F264FFDF-5FDD-6481-9B0F-AC7D115B6F49}.Release|Any CPU.ActiveCfg = Release|Any CPU
		{F264FFDF-5FDD-6481-9B0F-AC7D115B6F49}.Release|Any CPU.Build.0 = Release|Any CPU
		{F264FFDF-5FDD-6481-9B0F-AC7D115B6F49}.Release|x64.ActiveCfg = Release|Any CPU
		{F264FFDF-5FDD-6481-9B0F-AC7D115B6F49}.Release|x64.Build.0 = Release|Any CPU
		{F264FFDF-5FDD-6481-9B0F-AC7D115B6F49}.Release|x86.ActiveCfg = Release|Any CPU
		{F264FFDF-5FDD-6481-9B0F-AC7D115B6F49}.Release|x86.Build.0 = Release|Any CPU
		{69171BDD-223A-E576-80B6-743A5083CE14}.Debug|Any CPU.ActiveCfg = Debug|Any CPU
		{69171BDD-223A-E576-80B6-743A5083CE14}.Debug|Any CPU.Build.0 = Debug|Any CPU
		{69171BDD-223A-E576-80B6-743A5083CE14}.Debug|x64.ActiveCfg = Debug|Any CPU
		{69171BDD-223A-E576-80B6-743A5083CE14}.Debug|x64.Build.0 = Debug|Any CPU
		{69171BDD-223A-E576-80B6-743A5083CE14}.Debug|x86.ActiveCfg = Debug|Any CPU
		{69171BDD-223A-E576-80B6-743A5083CE14}.Debug|x86.Build.0 = Debug|Any CPU
		{69171BDD-223A-E576-80B6-743A5083CE14}.Release|Any CPU.ActiveCfg = Release|Any CPU
		{69171BDD-223A-E576-80B6-743A5083CE14}.Release|Any CPU.Build.0 = Release|Any CPU
		{69171BDD-223A-E576-80B6-743A5083CE14}.Release|x64.ActiveCfg = Release|Any CPU
		{69171BDD-223A-E576-80B6-743A5083CE14}.Release|x64.Build.0 = Release|Any CPU
		{69171BDD-223A-E576-80B6-743A5083CE14}.Release|x86.ActiveCfg = Release|Any CPU
		{69171BDD-223A-E576-80B6-743A5083CE14}.Release|x86.Build.0 = Release|Any CPU
		{3E8E95C6-5DC9-4129-B8C0-C63EC69E3034}.Debug|Any CPU.ActiveCfg = Debug|Any CPU
		{3E8E95C6-5DC9-4129-B8C0-C63EC69E3034}.Debug|Any CPU.Build.0 = Debug|Any CPU
		{3E8E95C6-5DC9-4129-B8C0-C63EC69E3034}.Debug|x64.ActiveCfg = Debug|Any CPU
		{3E8E95C6-5DC9-4129-B8C0-C63EC69E3034}.Debug|x64.Build.0 = Debug|Any CPU
		{3E8E95C6-5DC9-4129-B8C0-C63EC69E3034}.Debug|x86.ActiveCfg = Debug|Any CPU
		{3E8E95C6-5DC9-4129-B8C0-C63EC69E3034}.Debug|x86.Build.0 = Debug|Any CPU
		{3E8E95C6-5DC9-4129-B8C0-C63EC69E3034}.Release|Any CPU.ActiveCfg = Release|Any CPU
		{3E8E95C6-5DC9-4129-B8C0-C63EC69E3034}.Release|Any CPU.Build.0 = Release|Any CPU
		{3E8E95C6-5DC9-4129-B8C0-C63EC69E3034}.Release|x64.ActiveCfg = Release|Any CPU
		{3E8E95C6-5DC9-4129-B8C0-C63EC69E3034}.Release|x64.Build.0 = Release|Any CPU
		{3E8E95C6-5DC9-4129-B8C0-C63EC69E3034}.Release|x86.ActiveCfg = Release|Any CPU
		{3E8E95C6-5DC9-4129-B8C0-C63EC69E3034}.Release|x86.Build.0 = Release|Any CPU
		{15055C44-5604-43ED-812F-0A265AF02D5A}.Debug|Any CPU.ActiveCfg = Debug|Any CPU
		{15055C44-5604-43ED-812F-0A265AF02D5A}.Debug|Any CPU.Build.0 = Debug|Any CPU
		{15055C44-5604-43ED-812F-0A265AF02D5A}.Debug|x64.ActiveCfg = Debug|Any CPU
		{15055C44-5604-43ED-812F-0A265AF02D5A}.Debug|x64.Build.0 = Debug|Any CPU
		{15055C44-5604-43ED-812F-0A265AF02D5A}.Debug|x86.ActiveCfg = Debug|Any CPU
		{15055C44-5604-43ED-812F-0A265AF02D5A}.Debug|x86.Build.0 = Debug|Any CPU
		{15055C44-5604-43ED-812F-0A265AF02D5A}.Release|Any CPU.ActiveCfg = Release|Any CPU
		{15055C44-5604-43ED-812F-0A265AF02D5A}.Release|Any CPU.Build.0 = Release|Any CPU
		{15055C44-5604-43ED-812F-0A265AF02D5A}.Release|x64.ActiveCfg = Release|Any CPU
		{15055C44-5604-43ED-812F-0A265AF02D5A}.Release|x64.Build.0 = Release|Any CPU
		{15055C44-5604-43ED-812F-0A265AF02D5A}.Release|x86.ActiveCfg = Release|Any CPU
		{15055C44-5604-43ED-812F-0A265AF02D5A}.Release|x86.Build.0 = Release|Any CPU
	EndGlobalSection
	GlobalSection(SolutionProperties) = preSolution
		HideSolutionNode = FALSE
	EndGlobalSection
	GlobalSection(NestedProjects) = preSolution
		{1FFC8FF9-2B62-4168-9830-42D71CC4916A} = {0AB3BF05-4346-4AA6-1389-037BE0695223}
		{3E8E95C6-5DC9-4129-B8C0-C63EC69E3034} = {0AB3BF05-4346-4AA6-1389-037BE0695223}
	EndGlobalSection
	GlobalSection(ExtensibilityGlobals) = postSolution
		SolutionGuid = {F7F660F3-B466-4FDD-8CE2-C15B04C9380D}
	EndGlobalSection
EndGlobal
