
Microsoft Visual Studio Solution File, Format Version 12.00
# Visual Studio Version 17
VisualStudioVersion = 17.14.37027.9 d17.14
MinimumVisualStudioVersion = 10.0.40219.1
Project("{FAE04EC0-301F-11D3-BF4B-00C04F79EFBC}") = "LabMetricsDashboard", "LabMetricsDashboard\LabMetricsDashboard.csproj", "{28C8D0C9-0B2C-25B1-944F-544054B185DE}"
EndProject
Project("{FAE04EC0-301F-11D3-BF4B-00C04F79EFBC}") = "CaptureDataApp", "CaptureDataApp\CaptureDataApp.csproj", "{D8BBBE10-90C3-364D-354E-B550690C2201}"
EndProject
Project("{FAE04EC0-301F-11D3-BF4B-00C04F79EFBC}") = "LRN.Notifications", "LRN.Notification\LRN.Notifications.csproj", "{6D4D2AD4-6777-D21B-C54A-BF62E8376665}"
EndProject
Project("{FAE04EC0-301F-11D3-BF4B-00C04F79EFBC}") = "PredictionAnalysisApp", "PredictionAnalysisApp\PredictionAnalysisApp.csproj", "{9CBC5091-CD3A-9873-CEF3-2F96C3C8C46F}"
EndProject
Project("{FAE04EC0-301F-11D3-BF4B-00C04F79EFBC}") = "RcmWatcherService", "RcmWatcherService\RcmWatcherService.csproj", "{5925AD32-6410-77A8-8C2B-339ACD528AA0}"
EndProject
Project("{FAE04EC0-301F-11D3-BF4B-00C04F79EFBC}") = "ClaimLineCSVDataCapture", "ClaimLineCSVDataCapture\ClaimLineCSVDataCapture.csproj", "{4BD2A6E2-67E4-444A-B244-F169BC8F8C77}"
EndProject
Global
	GlobalSection(SolutionConfigurationPlatforms) = preSolution
		Debug|Any CPU = Debug|Any CPU
		Release|Any CPU = Release|Any CPU
	EndGlobalSection
	GlobalSection(ProjectConfigurationPlatforms) = postSolution
		{28C8D0C9-0B2C-25B1-944F-544054B185DE}.Debug|Any CPU.ActiveCfg = Debug|Any CPU
		{28C8D0C9-0B2C-25B1-944F-544054B185DE}.Debug|Any CPU.Build.0 = Debug|Any CPU
		{28C8D0C9-0B2C-25B1-944F-544054B185DE}.Release|Any CPU.ActiveCfg = Release|Any CPU
		{28C8D0C9-0B2C-25B1-944F-544054B185DE}.Release|Any CPU.Build.0 = Release|Any CPU
		{D8BBBE10-90C3-364D-354E-B550690C2201}.Debug|Any CPU.ActiveCfg = Debug|Any CPU
		{D8BBBE10-90C3-364D-354E-B550690C2201}.Debug|Any CPU.Build.0 = Debug|Any CPU
		{D8BBBE10-90C3-364D-354E-B550690C2201}.Release|Any CPU.ActiveCfg = Release|Any CPU
		{D8BBBE10-90C3-364D-354E-B550690C2201}.Release|Any CPU.Build.0 = Release|Any CPU
		{6D4D2AD4-6777-D21B-C54A-BF62E8376665}.Debug|Any CPU.ActiveCfg = Debug|Any CPU
		{6D4D2AD4-6777-D21B-C54A-BF62E8376665}.Debug|Any CPU.Build.0 = Debug|Any CPU
		{6D4D2AD4-6777-D21B-C54A-BF62E8376665}.Release|Any CPU.ActiveCfg = Release|Any CPU
		{6D4D2AD4-6777-D21B-C54A-BF62E8376665}.Release|Any CPU.Build.0 = Release|Any CPU
		{9CBC5091-CD3A-9873-CEF3-2F96C3C8C46F}.Debug|Any CPU.ActiveCfg = Debug|Any CPU
		{9CBC5091-CD3A-9873-CEF3-2F96C3C8C46F}.Debug|Any CPU.Build.0 = Debug|Any CPU
		{9CBC5091-CD3A-9873-CEF3-2F96C3C8C46F}.Release|Any CPU.ActiveCfg = Release|Any CPU
		{9CBC5091-CD3A-9873-CEF3-2F96C3C8C46F}.Release|Any CPU.Build.0 = Release|Any CPU
		{5925AD32-6410-77A8-8C2B-339ACD528AA0}.Debug|Any CPU.ActiveCfg = Debug|Any CPU
		{5925AD32-6410-77A8-8C2B-339ACD528AA0}.Debug|Any CPU.Build.0 = Debug|Any CPU
		{5925AD32-6410-77A8-8C2B-339ACD528AA0}.Release|Any CPU.ActiveCfg = Release|Any CPU
		{5925AD32-6410-77A8-8C2B-339ACD528AA0}.Release|Any CPU.Build.0 = Release|Any CPU
		{4BD2A6E2-67E4-444A-B244-F169BC8F8C77}.Debug|Any CPU.ActiveCfg = Debug|Any CPU
		{4BD2A6E2-67E4-444A-B244-F169BC8F8C77}.Debug|Any CPU.Build.0 = Debug|Any CPU
		{4BD2A6E2-67E4-444A-B244-F169BC8F8C77}.Release|Any CPU.ActiveCfg = Release|Any CPU
		{4BD2A6E2-67E4-444A-B244-F169BC8F8C77}.Release|Any CPU.Build.0 = Release|Any CPU
	EndGlobalSection
	GlobalSection(SolutionProperties) = preSolution
		HideSolutionNode = FALSE
	EndGlobalSection
	GlobalSection(ExtensibilityGlobals) = postSolution
		SolutionGuid = {F7F660F3-B466-4FDD-8CE2-C15B04C9380D}
	EndGlobalSection
EndGlobal
